# THIS IS AN AUTOGENERATED FILE. DO NOT EDIT THIS FILE DIRECTLY.
# yarn lockfile v1


"hjson@^3.2.2":
  "integrity" "sha512-MkUeB0cTIlppeSsndgESkfFD21T2nXPRaBStLtf3cAYA2bVEFdXlodZB0TukwZiobPD1Ksax5DK4RTZeaXCI3Q=="
  "resolved" "https://registry.npmjs.org/hjson/-/hjson-3.2.2.tgz"
  "version" "3.2.2"

"ooz-wasm@^1.0.0":
  "integrity" "sha512-RDWErZkEWBUV2VUDlU587fz4Zv3kgJ1Rc293qeOMwNwavjU2fPUUW9+vDoQf5qF/fxbKnC+oM2x8COQwQEJAQg=="
  "resolved" "https://registry.npmjs.org/ooz-wasm/-/ooz-wasm-1.0.0.tgz"
  "version" "1.0.0"
